
Microsoft Visual Studio Solution File, Format Version 12.00
# Visual Studio Version 17
VisualStudioVersion = 17.14.36310.24
MinimumVisualStudioVersion = 10.0.40219.1
Project("{8BC9CEB8-8B4A-11D0-8D11-00A0C91BC942}") = "1.Array", "1.Array\1.Array.vcxproj", "{F2E8DE23-2C30-4D1D-B116-975936697039}"
EndProject
Project("{8BC9CEB8-8B4A-11D0-8D11-00A0C91BC942}") = "2.Vector", "2.Vector\2.Vector.vcxproj", "{0FF1FEFA-8A1D-4D1D-AB06-0C24B507543F}"
EndProject
Project("{8BC9CEB8-8B4A-11D0-8D11-00A0C91BC942}") = "Recursive", "Recursive\Recursive.vcxproj", "{23A55C5E-00C0-4178-93DD-6CBFCFF57652}"
EndProject
Project("{8BC9CEB8-8B4A-11D0-8D11-00A0C91BC942}") = "3.LinkedList", "3.LinkedList\3.LinkedList.vcxproj", "{65357A70-9C3C-471E-A7A9-BB27A5779BCA}"
EndProject
Project("{8BC9CEB8-8B4A-11D0-8D11-00A0C91BC942}") = "4.DoubleLinkedList", "4.DoubleLinkedList\4.DoubleLinkedList.vcxproj", "{430AA526-F892-4929-BB24-401BEA99FBBA}"
EndProject
Project("{8BC9CEB8-8B4A-11D0-8D11-00A0C91BC942}") = "5.Stack", "5.Stack\5.Stack.vcxproj", "{0901B4F3-947F-4794-B8DF-D65159F36864}"
EndProject
Project("{8BC9CEB8-8B4A-11D0-8D11-00A0C91BC942}") = "6.StackMaze", "6.StackMaze\6.StackMaze.vcxproj", "{CCA8A34A-77A5-420E-BBC8-90FACC817AC0}"
EndProject
Project("{8BC9CEB8-8B4A-11D0-8D11-00A0C91BC942}") = "7.StackMaze2", "7.StackMaze2\7.StackMaze2.vcxproj", "{E340AA1B-EBAA-4782-ABBE-62F280F33E3D}"
EndProject
Project("{8BC9CEB8-8B4A-11D0-8D11-00A0C91BC942}") = "8.Random", "8.Random\8.Random.vcxproj", "{A02DC7BD-4910-42A8-9DC8-352E9DC0C520}"
EndProject
Project("{8BC9CEB8-8B4A-11D0-8D11-00A0C91BC942}") = "9.BubbleSort", "9.BubbleSort\9.BubbleSort.vcxproj", "{A2D43AEA-7725-4B32-95DD-A9C55D4D45E5}"
EndProject
Project("{8BC9CEB8-8B4A-11D0-8D11-00A0C91BC942}") = "10.Queue", "10.Queue\10.Queue.vcxproj", "{78EB8E98-98E4-4683-B955-6E346585A4A8}"
EndProject
Project("{8BC9CEB8-8B4A-11D0-8D11-00A0C91BC942}") = "11.QueueMaze", "11.QueueMaze\11.QueueMaze.vcxproj", "{6BDBBFF9-E5AC-4EF8-BD43-D95C0C78525D}"
EndProject
Project("{8BC9CEB8-8B4A-11D0-8D11-00A0C91BC942}") = "12.Deque", "12.Deque\12.Deque.vcxproj", "{B0CB26C4-FFFB-4E07-9024-F537AF75538D}"
EndProject
Project("{8BC9CEB8-8B4A-11D0-8D11-00A0C91BC942}") = "13.HashTable", "13.HashTable\13.HashTable.vcxproj", "{129C97F0-15D3-464D-B8DE-C0BAEE9EC4FB}"
EndProject
Project("{8BC9CEB8-8B4A-11D0-8D11-00A0C91BC942}") = "14.SelectionSort", "14.SelectionSort\14.SelectionSort.vcxproj", "{2E22E8FB-EA3F-4C2B-884F-0EE9BDDC1E95}"
EndProject
Project("{8BC9CEB8-8B4A-11D0-8D11-00A0C91BC942}") = "15.InsertionSort", "15.InsertionSort\15.InsertionSort.vcxproj", "{9FE40DEB-6A9C-427C-981C-8409458A1043}"
EndProject
Project("{8BC9CEB8-8B4A-11D0-8D11-00A0C91BC942}") = "16.QuickSort", "16.QuickSort\16.QuickSort.vcxproj", "{8B9DCAC0-FD48-4C1C-9690-F8896132953F}"
EndProject
Project("{8BC9CEB8-8B4A-11D0-8D11-00A0C91BC942}") = "17.MergeSort", "17.MergeSort\17.MergeSort.vcxproj", "{1B100FF3-F92C-4503-997F-95413A4B7FAF}"
EndProject
Project("{8BC9CEB8-8B4A-11D0-8D11-00A0C91BC942}") = "18.Tree", "18.Tree\18.Tree.vcxproj", "{21416E7F-62BD-49B7-B55F-ED6A62744F1D}"
EndProject
Project("{8BC9CEB8-8B4A-11D0-8D11-00A0C91BC942}") = "19.BinaryTree", "19.BinaryTree\19.BinaryTree.vcxproj", "{AAFC2541-F2BA-4BAC-B2F2-4BC379E3CA0E}"
EndProject
Project("{8BC9CEB8-8B4A-11D0-8D11-00A0C91BC942}") = "20.BinarySearchTree", "20.BinarySearchTree\20.BinarySearchTree.vcxproj", "{6DD0E42F-293F-41CB-AB16-752317CEB4AE}"
EndProject
Project("{8BC9CEB8-8B4A-11D0-8D11-00A0C91BC942}") = "21.RBT", "21.RBT\21.RBT.vcxproj", "{F16BB3FC-E42F-4CA2-B7DC-747B72C242F4}"
EndProject
Project("{8BC9CEB8-8B4A-11D0-8D11-00A0C91BC942}") = "22.AStar", "22.AStar\22.AStar.vcxproj", "{55957B41-A487-4839-B601-56601E0994A4}"
EndProject
Project("{8BC9CEB8-8B4A-11D0-8D11-00A0C91BC942}") = "23.AStarWithAnimation", "23.AStarWithAnimation\23.AStarWithAnimation.vcxproj", "{A5306D13-0F53-4C88-8D14-3076C5197EBA}"
EndProject
Global
	GlobalSection(SolutionConfigurationPlatforms) = preSolution
		Debug|x64 = Debug|x64
		Debug|x86 = Debug|x86
		Release|x64 = Release|x64
		Release|x86 = Release|x86
	EndGlobalSection
	GlobalSection(ProjectConfigurationPlatforms) = postSolution
		{F2E8DE23-2C30-4D1D-B116-975936697039}.Debug|x64.ActiveCfg = Debug|x64
		{F2E8DE23-2C30-4D1D-B116-975936697039}.Debug|x64.Build.0 = Debug|x64
		{F2E8DE23-2C30-4D1D-B116-975936697039}.Debug|x86.ActiveCfg = Debug|Win32
		{F2E8DE23-2C30-4D1D-B116-975936697039}.Debug|x86.Build.0 = Debug|Win32
		{F2E8DE23-2C30-4D1D-B116-975936697039}.Release|x64.ActiveCfg = Release|x64
		{F2E8DE23-2C30-4D1D-B116-975936697039}.Release|x64.Build.0 = Release|x64
		{F2E8DE23-2C30-4D1D-B116-975936697039}.Release|x86.ActiveCfg = Release|Win32
		{F2E8DE23-2C30-4D1D-B116-975936697039}.Release|x86.Build.0 = Release|Win32
		{0FF1FEFA-8A1D-4D1D-AB06-0C24B507543F}.Debug|x64.ActiveCfg = Debug|x64
		{0FF1FEFA-8A1D-4D1D-AB06-0C24B507543F}.Debug|x64.Build.0 = Debug|x64
		{0FF1FEFA-8A1D-4D1D-AB06-0C24B507543F}.Debug|x86.ActiveCfg = Debug|Win32
		{0FF1FEFA-8A1D-4D1D-AB06-0C24B507543F}.Debug|x86.Build.0 = Debug|Win32
		{0FF1FEFA-8A1D-4D1D-AB06-0C24B507543F}.Release|x64.ActiveCfg = Release|x64
		{0FF1FEFA-8A1D-4D1D-AB06-0C24B507543F}.Release|x64.Build.0 = Release|x64
		{0FF1FEFA-8A1D-4D1D-AB06-0C24B507543F}.Release|x86.ActiveCfg = Release|Win32
		{0FF1FEFA-8A1D-4D1D-AB06-0C24B507543F}.Release|x86.Build.0 = Release|Win32
		{23A55C5E-00C0-4178-93DD-6CBFCFF57652}.Debug|x64.ActiveCfg = Debug|x64
		{23A55C5E-00C0-4178-93DD-6CBFCFF57652}.Debug|x64.Build.0 = Debug|x64
		{23A55C5E-00C0-4178-93DD-6CBFCFF57652}.Debug|x86.ActiveCfg = Debug|Win32
		{23A55C5E-00C0-4178-93DD-6CBFCFF57652}.Debug|x86.Build.0 = Debug|Win32
		{23A55C5E-00C0-4178-93DD-6CBFCFF57652}.Release|x64.ActiveCfg = Release|x64
		{23A55C5E-00C0-4178-93DD-6CBFCFF57652}.Release|x64.Build.0 = Release|x64
		{23A55C5E-00C0-4178-93DD-6CBFCFF57652}.Release|x86.ActiveCfg = Release|Win32
		{23A55C5E-00C0-4178-93DD-6CBFCFF57652}.Release|x86.Build.0 = Release|Win32
		{65357A70-9C3C-471E-A7A9-BB27A5779BCA}.Debug|x64.ActiveCfg = Debug|x64
		{65357A70-9C3C-471E-A7A9-BB27A5779BCA}.Debug|x64.Build.0 = Debug|x64
		{65357A70-9C3C-471E-A7A9-BB27A5779BCA}.Debug|x86.ActiveCfg = Debug|Win32
		{65357A70-9C3C-471E-A7A9-BB27A5779BCA}.Debug|x86.Build.0 = Debug|Win32
		{65357A70-9C3C-471E-A7A9-BB27A5779BCA}.Release|x64.ActiveCfg = Release|x64
		{65357A70-9C3C-471E-A7A9-BB27A5779BCA}.Release|x64.Build.0 = Release|x64
		{65357A70-9C3C-471E-A7A9-BB27A5779BCA}.Release|x86.ActiveCfg = Release|Win32
		{65357A70-9C3C-471E-A7A9-BB27A5779BCA}.Release|x86.Build.0 = Release|Win32
		{430AA526-F892-4929-BB24-401BEA99FBBA}.Debug|x64.ActiveCfg = Debug|x64
		{430AA526-F892-4929-BB24-401BEA99FBBA}.Debug|x64.Build.0 = Debug|x64
		{430AA526-F892-4929-BB24-401BEA99FBBA}.Debug|x86.ActiveCfg = Debug|Win32
		{430AA526-F892-4929-BB24-401BEA99FBBA}.Debug|x86.Build.0 = Debug|Win32
		{430AA526-F892-4929-BB24-401BEA99FBBA}.Release|x64.ActiveCfg = Release|x64
		{430AA526-F892-4929-BB24-401BEA99FBBA}.Release|x64.Build.0 = Release|x64
		{430AA526-F892-4929-BB24-401BEA99FBBA}.Release|x86.ActiveCfg = Release|Win32
		{430AA526-F892-4929-BB24-401BEA99FBBA}.Release|x86.Build.0 = Release|Win32
		{0901B4F3-947F-4794-B8DF-D65159F36864}.Debug|x64.ActiveCfg = Debug|x64
		{0901B4F3-947F-4794-B8DF-D65159F36864}.Debug|x64.Build.0 = Debug|x64
		{0901B4F3-947F-4794-B8DF-D65159F36864}.Debug|x86.ActiveCfg = Debug|Win32
		{0901B4F3-947F-4794-B8DF-D65159F36864}.Debug|x86.Build.0 = Debug|Win32
		{0901B4F3-947F-4794-B8DF-D65159F36864}.Release|x64.ActiveCfg = Release|x64
		{0901B4F3-947F-4794-B8DF-D65159F36864}.Release|x64.Build.0 = Release|x64
		{0901B4F3-947F-4794-B8DF-D65159F36864}.Release|x86.ActiveCfg = Release|Win32
		{0901B4F3-947F-4794-B8DF-D65159F36864}.Release|x86.Build.0 = Release|Win32
		{CCA8A34A-77A5-420E-BBC8-90FACC817AC0}.Debug|x64.ActiveCfg = Debug|x64
		{CCA8A34A-77A5-420E-BBC8-90FACC817AC0}.Debug|x64.Build.0 = Debug|x64
		{CCA8A34A-77A5-420E-BBC8-90FACC817AC0}.Debug|x86.ActiveCfg = Debug|Win32
		{CCA8A34A-77A5-420E-BBC8-90FACC817AC0}.Debug|x86.Build.0 = Debug|Win32
		{CCA8A34A-77A5-420E-BBC8-90FACC817AC0}.Release|x64.ActiveCfg = Release|x64
		{CCA8A34A-77A5-420E-BBC8-90FACC817AC0}.Release|x64.Build.0 = Release|x64
		{CCA8A34A-77A5-420E-BBC8-90FACC817AC0}.Release|x86.ActiveCfg = Release|Win32
		{CCA8A34A-77A5-420E-BBC8-90FACC817AC0}.Release|x86.Build.0 = Release|Win32
		{E340AA1B-EBAA-4782-ABBE-62F280F33E3D}.Debug|x64.ActiveCfg = Debug|x64
		{E340AA1B-EBAA-4782-ABBE-62F280F33E3D}.Debug|x64.Build.0 = Debug|x64
		{E340AA1B-EBAA-4782-ABBE-62F280F33E3D}.Debug|x86.ActiveCfg = Debug|Win32
		{E340AA1B-EBAA-4782-ABBE-62F280F33E3D}.Debug|x86.Build.0 = Debug|Win32
		{E340AA1B-EBAA-4782-ABBE-62F280F33E3D}.Release|x64.ActiveCfg = Release|x64
		{E340AA1B-EBAA-4782-ABBE-62F280F33E3D}.Release|x64.Build.0 = Release|x64
		{E340AA1B-EBAA-4782-ABBE-62F280F33E3D}.Release|x86.ActiveCfg = Release|Win32
		{E340AA1B-EBAA-4782-ABBE-62F280F33E3D}.Release|x86.Build.0 = Release|Win32
		{A02DC7BD-4910-42A8-9DC8-352E9DC0C520}.Debug|x64.ActiveCfg = Debug|x64
		{A02DC7BD-4910-42A8-9DC8-352E9DC0C520}.Debug|x64.Build.0 = Debug|x64
		{A02DC7BD-4910-42A8-9DC8-352E9DC0C520}.Debug|x86.ActiveCfg = Debug|Win32
		{A02DC7BD-4910-42A8-9DC8-352E9DC0C520}.Debug|x86.Build.0 = Debug|Win32
		{A02DC7BD-4910-42A8-9DC8-352E9DC0C520}.Release|x64.ActiveCfg = Release|x64
		{A02DC7BD-4910-42A8-9DC8-352E9DC0C520}.Release|x64.Build.0 = Release|x64
		{A02DC7BD-4910-42A8-9DC8-352E9DC0C520}.Release|x86.ActiveCfg = Release|Win32
		{A02DC7BD-4910-42A8-9DC8-352E9DC0C520}.Release|x86.Build.0 = Release|Win32
		{A2D43AEA-7725-4B32-95DD-A9C55D4D45E5}.Debug|x64.ActiveCfg = Debug|x64
		{A2D43AEA-7725-4B32-95DD-A9C55D4D45E5}.Debug|x64.Build.0 = Debug|x64
		{A2D43AEA-7725-4B32-95DD-A9C55D4D45E5}.Debug|x86.ActiveCfg = Debug|Win32
		{A2D43AEA-7725-4B32-95DD-A9C55D4D45E5}.Debug|x86.Build.0 = Debug|Win32
		{A2D43AEA-7725-4B32-95DD-A9C55D4D45E5}.Release|x64.ActiveCfg = Release|x64
		{A2D43AEA-7725-4B32-95DD-A9C55D4D45E5}.Release|x64.Build.0 = Release|x64
		{A2D43AEA-7725-4B32-95DD-A9C55D4D45E5}.Release|x86.ActiveCfg = Release|Win32
		{A2D43AEA-7725-4B32-95DD-A9C55D4D45E5}.Release|x86.Build.0 = Release|Win32
		{78EB8E98-98E4-4683-B955-6E346585A4A8}.Debug|x64.ActiveCfg = Debug|x64
		{78EB8E98-98E4-4683-B955-6E346585A4A8}.Debug|x64.Build.0 = Debug|x64
		{78EB8E98-98E4-4683-B955-6E346585A4A8}.Debug|x86.ActiveCfg = Debug|Win32
		{78EB8E98-98E4-4683-B955-6E346585A4A8}.Debug|x86.Build.0 = Debug|Win32
		{78EB8E98-98E4-4683-B955-6E346585A4A8}.Release|x64.ActiveCfg = Release|x64
		{78EB8E98-98E4-4683-B955-6E346585A4A8}.Release|x64.Build.0 = Release|x64
		{78EB8E98-98E4-4683-B955-6E346585A4A8}.Release|x86.ActiveCfg = Release|Win32
		{78EB8E98-98E4-4683-B955-6E346585A4A8}.Release|x86.Build.0 = Release|Win32
		{6BDBBFF9-E5AC-4EF8-BD43-D95C0C78525D}.Debug|x64.ActiveCfg = Debug|x64
		{6BDBBFF9-E5AC-4EF8-BD43-D95C0C78525D}.Debug|x64.Build.0 = Debug|x64
		{6BDBBFF9-E5AC-4EF8-BD43-D95C0C78525D}.Debug|x86.ActiveCfg = Debug|Win32
		{6BDBBFF9-E5AC-4EF8-BD43-D95C0C78525D}.Debug|x86.Build.0 = Debug|Win32
		{6BDBBFF9-E5AC-4EF8-BD43-D95C0C78525D}.Release|x64.ActiveCfg = Release|x64
		{6BDBBFF9-E5AC-4EF8-BD43-D95C0C78525D}.Release|x64.Build.0 = Release|x64
		{6BDBBFF9-E5AC-4EF8-BD43-D95C0C78525D}.Release|x86.ActiveCfg = Release|Win32
		{6BDBBFF9-E5AC-4EF8-BD43-D95C0C78525D}.Release|x86.Build.0 = Release|Win32
		{B0CB26C4-FFFB-4E07-9024-F537AF75538D}.Debug|x64.ActiveCfg = Debug|x64
		{B0CB26C4-FFFB-4E07-9024-F537AF75538D}.Debug|x64.Build.0 = Debug|x64
		{B0CB26C4-FFFB-4E07-9024-F537AF75538D}.Debug|x86.ActiveCfg = Debug|Win32
		{B0CB26C4-FFFB-4E07-9024-F537AF75538D}.Debug|x86.Build.0 = Debug|Win32
		{B0CB26C4-FFFB-4E07-9024-F537AF75538D}.Release|x64.ActiveCfg = Release|x64
		{B0CB26C4-FFFB-4E07-9024-F537AF75538D}.Release|x64.Build.0 = Release|x64
		{B0CB26C4-FFFB-4E07-9024-F537AF75538D}.Release|x86.ActiveCfg = Release|Win32
		{B0CB26C4-FFFB-4E07-9024-F537AF75538D}.Release|x86.Build.0 = Release|Win32
		{129C97F0-15D3-464D-B8DE-C0BAEE9EC4FB}.Debug|x64.ActiveCfg = Debug|x64
		{129C97F0-15D3-464D-B8DE-C0BAEE9EC4FB}.Debug|x64.Build.0 = Debug|x64
		{129C97F0-15D3-464D-B8DE-C0BAEE9EC4FB}.Debug|x86.ActiveCfg = Debug|Win32
		{129C97F0-15D3-464D-B8DE-C0BAEE9EC4FB}.Debug|x86.Build.0 = Debug|Win32
		{129C97F0-15D3-464D-B8DE-C0BAEE9EC4FB}.Release|x64.ActiveCfg = Release|x64
		{129C97F0-15D3-464D-B8DE-C0BAEE9EC4FB}.Release|x64.Build.0 = Release|x64
		{129C97F0-15D3-464D-B8DE-C0BAEE9EC4FB}.Release|x86.ActiveCfg = Release|Win32
		{129C97F0-15D3-464D-B8DE-C0BAEE9EC4FB}.Release|x86.Build.0 = Release|Win32
		{2E22E8FB-EA3F-4C2B-884F-0EE9BDDC1E95}.Debug|x64.ActiveCfg = Debug|x64
		{2E22E8FB-EA3F-4C2B-884F-0EE9BDDC1E95}.Debug|x64.Build.0 = Debug|x64
		{2E22E8FB-EA3F-4C2B-884F-0EE9BDDC1E95}.Debug|x86.ActiveCfg = Debug|Win32
		{2E22E8FB-EA3F-4C2B-884F-0EE9BDDC1E95}.Debug|x86.Build.0 = Debug|Win32
		{2E22E8FB-EA3F-4C2B-884F-0EE9BDDC1E95}.Release|x64.ActiveCfg = Release|x64
		{2E22E8FB-EA3F-4C2B-884F-0EE9BDDC1E95}.Release|x64.Build.0 = Release|x64
		{2E22E8FB-EA3F-4C2B-884F-0EE9BDDC1E95}.Release|x86.ActiveCfg = Release|Win32
		{2E22E8FB-EA3F-4C2B-884F-0EE9BDDC1E95}.Release|x86.Build.0 = Release|Win32
		{9FE40DEB-6A9C-427C-981C-8409458A1043}.Debug|x64.ActiveCfg = Debug|x64
		{9FE40DEB-6A9C-427C-981C-8409458A1043}.Debug|x64.Build.0 = Debug|x64
		{9FE40DEB-6A9C-427C-981C-8409458A1043}.Debug|x86.ActiveCfg = Debug|Win32
		{9FE40DEB-6A9C-427C-981C-8409458A1043}.Debug|x86.Build.0 = Debug|Win32
		{9FE40DEB-6A9C-427C-981C-8409458A1043}.Release|x64.ActiveCfg = Release|x64
		{9FE40DEB-6A9C-427C-981C-8409458A1043}.Release|x64.Build.0 = Release|x64
		{9FE40DEB-6A9C-427C-981C-8409458A1043}.Release|x86.ActiveCfg = Release|Win32
		{9FE40DEB-6A9C-427C-981C-8409458A1043}.Release|x86.Build.0 = Release|Win32
		{8B9DCAC0-FD48-4C1C-9690-F8896132953F}.Debug|x64.ActiveCfg = Debug|x64
		{8B9DCAC0-FD48-4C1C-9690-F8896132953F}.Debug|x64.Build.0 = Debug|x64
		{8B9DCAC0-FD48-4C1C-9690-F8896132953F}.Debug|x86.ActiveCfg = Debug|Win32
		{8B9DCAC0-FD48-4C1C-9690-F8896132953F}.Debug|x86.Build.0 = Debug|Win32
		{8B9DCAC0-FD48-4C1C-9690-F8896132953F}.Release|x64.ActiveCfg = Release|x64
		{8B9DCAC0-FD48-4C1C-9690-F8896132953F}.Release|x64.Build.0 = Release|x64
		{8B9DCAC0-FD48-4C1C-9690-F8896132953F}.Release|x86.ActiveCfg = Release|Win32
		{8B9DCAC0-FD48-4C1C-9690-F8896132953F}.Release|x86.Build.0 = Release|Win32
		{1B100FF3-F92C-4503-997F-95413A4B7FAF}.Debug|x64.ActiveCfg = Debug|x64
		{1B100FF3-F92C-4503-997F-95413A4B7FAF}.Debug|x64.Build.0 = Debug|x64
		{1B100FF3-F92C-4503-997F-95413A4B7FAF}.Debug|x86.ActiveCfg = Debug|Win32
		{1B100FF3-F92C-4503-997F-95413A4B7FAF}.Debug|x86.Build.0 = Debug|Win32
		{1B100FF3-F92C-4503-997F-95413A4B7FAF}.Release|x64.ActiveCfg = Release|x64
		{1B100FF3-F92C-4503-997F-95413A4B7FAF}.Release|x64.Build.0 = Release|x64
		{1B100FF3-F92C-4503-997F-95413A4B7FAF}.Release|x86.ActiveCfg = Release|Win32
		{1B100FF3-F92C-4503-997F-95413A4B7FAF}.Release|x86.Build.0 = Release|Win32
		{21416E7F-62BD-49B7-B55F-ED6A62744F1D}.Debug|x64.ActiveCfg = Debug|x64
		{21416E7F-62BD-49B7-B55F-ED6A62744F1D}.Debug|x64.Build.0 = Debug|x64
		{21416E7F-62BD-49B7-B55F-ED6A62744F1D}.Debug|x86.ActiveCfg = Debug|Win32
		{21416E7F-62BD-49B7-B55F-ED6A62744F1D}.Debug|x86.Build.0 = Debug|Win32
		{21416E7F-62BD-49B7-B55F-ED6A62744F1D}.Release|x64.ActiveCfg = Release|x64
		{21416E7F-62BD-49B7-B55F-ED6A62744F1D}.Release|x64.Build.0 = Release|x64
		{21416E7F-62BD-49B7-B55F-ED6A62744F1D}.Release|x86.ActiveCfg = Release|Win32
		{21416E7F-62BD-49B7-B55F-ED6A62744F1D}.Release|x86.Build.0 = Release|Win32
		{AAFC2541-F2BA-4BAC-B2F2-4BC379E3CA0E}.Debug|x64.ActiveCfg = Debug|x64
		{AAFC2541-F2BA-4BAC-B2F2-4BC379E3CA0E}.Debug|x64.Build.0 = Debug|x64
		{AAFC2541-F2BA-4BAC-B2F2-4BC379E3CA0E}.Debug|x86.ActiveCfg = Debug|Win32
		{AAFC2541-F2BA-4BAC-B2F2-4BC379E3CA0E}.Debug|x86.Build.0 = Debug|Win32
		{AAFC2541-F2BA-4BAC-B2F2-4BC379E3CA0E}.Release|x64.ActiveCfg = Release|x64
		{AAFC2541-F2BA-4BAC-B2F2-4BC379E3CA0E}.Release|x64.Build.0 = Release|x64
		{AAFC2541-F2BA-4BAC-B2F2-4BC379E3CA0E}.Release|x86.ActiveCfg = Release|Win32
		{AAFC2541-F2BA-4BAC-B2F2-4BC379E3CA0E}.Release|x86.Build.0 = Release|Win32
		{6DD0E42F-293F-41CB-AB16-752317CEB4AE}.Debug|x64.ActiveCfg = Debug|x64
		{6DD0E42F-293F-41CB-AB16-752317CEB4AE}.Debug|x64.Build.0 = Debug|x64
		{6DD0E42F-293F-41CB-AB16-752317CEB4AE}.Debug|x86.ActiveCfg = Debug|Win32
		{6DD0E42F-293F-41CB-AB16-752317CEB4AE}.Debug|x86.Build.0 = Debug|Win32
		{6DD0E42F-293F-41CB-AB16-752317CEB4AE}.Release|x64.ActiveCfg = Release|x64
		{6DD0E42F-293F-41CB-AB16-752317CEB4AE}.Release|x64.Build.0 = Release|x64
		{6DD0E42F-293F-41CB-AB16-752317CEB4AE}.Release|x86.ActiveCfg = Release|Win32
		{6DD0E42F-293F-41CB-AB16-752317CEB4AE}.Release|x86.Build.0 = Release|Win32
		{F16BB3FC-E42F-4CA2-B7DC-747B72C242F4}.Debug|x64.ActiveCfg = Debug|x64
		{F16BB3FC-E42F-4CA2-B7DC-747B72C242F4}.Debug|x64.Build.0 = Debug|x64
		{F16BB3FC-E42F-4CA2-B7DC-747B72C242F4}.Debug|x86.ActiveCfg = Debug|Win32
		{F16BB3FC-E42F-4CA2-B7DC-747B72C242F4}.Debug|x86.Build.0 = Debug|Win32
		{F16BB3FC-E42F-4CA2-B7DC-747B72C242F4}.Release|x64.ActiveCfg = Release|x64
		{F16BB3FC-E42F-4CA2-B7DC-747B72C242F4}.Release|x64.Build.0 = Release|x64
		{F16BB3FC-E42F-4CA2-B7DC-747B72C242F4}.Release|x86.ActiveCfg = Release|Win32
		{F16BB3FC-E42F-4CA2-B7DC-747B72C242F4}.Release|x86.Build.0 = Release|Win32
		{55957B41-A487-4839-B601-56601E0994A4}.Debug|x64.ActiveCfg = Debug|x64
		{55957B41-A487-4839-B601-56601E0994A4}.Debug|x64.Build.0 = Debug|x64
		{55957B41-A487-4839-B601-56601E0994A4}.Debug|x86.ActiveCfg = Debug|Win32
		{55957B41-A487-4839-B601-56601E0994A4}.Debug|x86.Build.0 = Debug|Win32
		{55957B41-A487-4839-B601-56601E0994A4}.Release|x64.ActiveCfg = Release|x64
		{55957B41-A487-4839-B601-56601E0994A4}.Release|x64.Build.0 = Release|x64
		{55957B41-A487-4839-B601-56601E0994A4}.Release|x86.ActiveCfg = Release|Win32
		{55957B41-A487-4839-B601-56601E0994A4}.Release|x86.Build.0 = Release|Win32
		{A5306D13-0F53-4C88-8D14-3076C5197EBA}.Debug|x64.ActiveCfg = Debug|x64
		{A5306D13-0F53-4C88-8D14-3076C5197EBA}.Debug|x64.Build.0 = Debug|x64
		{A5306D13-0F53-4C88-8D14-3076C5197EBA}.Debug|x86.ActiveCfg = Debug|Win32
		{A5306D13-0F53-4C88-8D14-3076C5197EBA}.Debug|x86.Build.0 = Debug|Win32
		{A5306D13-0F53-4C88-8D14-3076C5197EBA}.Release|x64.ActiveCfg = Release|x64
		{A5306D13-0F53-4C88-8D14-3076C5197EBA}.Release|x64.Build.0 = Release|x64
		{A5306D13-0F53-4C88-8D14-3076C5197EBA}.Release|x86.ActiveCfg = Release|Win32
		{A5306D13-0F53-4C88-8D14-3076C5197EBA}.Release|x86.Build.0 = Release|Win32
	EndGlobalSection
	GlobalSection(SolutionProperties) = preSolution
		HideSolutionNode = FALSE
	EndGlobalSection
	GlobalSection(ExtensibilityGlobals) = postSolution
		SolutionGuid = {0E4B33BC-B98E-4CFD-863A-084312DF437C}
	EndGlobalSection
EndGlobal
